
Microsoft Visual Studio Solution File, Format Version 12.00
# Visual Studio Version 17
VisualStudioVersion = 17.9.34728.123
MinimumVisualStudioVersion = 10.0.40219.1
Project("{FAE04EC0-301F-11D3-BF4B-00C04F79EFBC}") = "CompilerPrototype", "Lab_8\CompilerPrototype.csproj", "{2354C4DC-E5DE-43C0-80C2-EFF4F901D775}"
EndProject
Global
	GlobalSection(SolutionConfigurationPlatforms) = preSolution
		Debug|Any CPU = Debug|Any CPU
		Release|Any CPU = Release|Any CPU
	EndGlobalSection
	GlobalSection(ProjectConfigurationPlatforms) = postSolution
		{2354C4DC-E5DE-43C0-80C2-EFF4F901D775}.Debug|Any CPU.ActiveCfg = Debug|Any CPU
		{2354C4DC-E5DE-43C0-80C2-EFF4F901D775}.Debug|Any CPU.Build.0 = Debug|Any CPU
		{2354C4DC-E5DE-43C0-80C2-EFF4F901D775}.Release|Any CPU.ActiveCfg = Release|Any CPU
		{2354C4DC-E5DE-43C0-80C2-EFF4F901D775}.Release|Any CPU.Build.0 = Release|Any CPU
	EndGlobalSection
	GlobalSection(SolutionProperties) = preSolution
		HideSolutionNode = FALSE
	EndGlobalSection
	GlobalSection(ExtensibilityGlobals) = postSolution
		SolutionGuid = {98B6924F-213C-46A5-A06B-C89CB38F69CC}
	EndGlobalSection
EndGlobal
